# mere.lock — generated by `mere install`; do not edit.

[[package]]
name = "font"
git = "https://github.com/merelang/mere"
subdir = "contrib/font"
rev = "557314f6fd8d87f16dfba136ad27175e8c7e2778"
hash = "md5:fe0e9cc9f559dbca39b9ccd7794ab450"

[[package]]
name = "github.com/284km/mere-markdown"
git = "https://github.com/284km/mere-markdown"
rev = "bbc514d9068e244e8e2dfc59cad8cccd1cfaca7c"
hash = "md5:a6a6ddab27bed87ce911f573dea09c11"

[[package]]
name = "github.com/284km/mpng"
git = "https://github.com/284km/mpng"
rev = "3b964e279e78dd4919fdefc607090a0943b9273f"
hash = "md5:6bcd8a4c6b2da3ada1aae2d7b285a61a"

[[package]]
name = "mgz"
git = "https://github.com/284km/mgz"
rev = "57efe4ce14149e29ae5ab978d08195012a3e4eae"
hash = "md5:9d89f29ecf0f340aa7b2d63790a5534f"

[[package]]
name = "raster"
git = "https://github.com/merelang/mere"
subdir = "contrib/raster"
rev = "557314f6fd8d87f16dfba136ad27175e8c7e2778"
hash = "md5:a0a5650eea6098d75f295810e2197632"

[[package]]
name = "unicode"
git = "https://github.com/merelang/mere"
subdir = "contrib/unicode"
rev = "557314f6fd8d87f16dfba136ad27175e8c7e2778"
hash = "md5:08722aabe549da0e58f92365ab9d31d8"
